
Microsoft Visual Studio Solution File, Format Version 12.00
# Visual Studio 2013
VisualStudioVersion = 12.0.30110.0
MinimumVisualStudioVersion = 10.0.40219.1
Project("{FAE04EC0-301F-11D3-BF4B-00C04F79EFBC}") = "NF.Portal.Dominio", "NF.Portal.Dominio\NF.Portal.Dominio.csproj", "{D7470C80-9E03-4DE4-AC28-FA4A9870076C}"
EndProject
Project("{FAE04EC0-301F-11D3-BF4B-00C04F79EFBC}") = "NF.Portal.Web", "NF.Portal.Web\NF.Portal.Web.csproj", "{4560E989-E008-4E1E-B13A-06B014ABF4BE}"
EndProject
Project("{FAE04EC0-301F-11D3-BF4B-00C04F79EFBC}") = "NF.Portal.UnitTest", "NF.Portal.UnitTest\NF.Portal.UnitTest.csproj", "{3DA060D4-AEAE-442A-87EC-7F00FBA613CA}"
EndProject
Global
	GlobalSection(SolutionConfigurationPlatforms) = preSolution
		Debug|Any CPU = Debug|Any CPU
		Release|Any CPU = Release|Any CPU
	EndGlobalSection
	GlobalSection(ProjectConfigurationPlatforms) = postSolution
		{D7470C80-9E03-4DE4-AC28-FA4A9870076C}.Debug|Any CPU.ActiveCfg = Debug|Any CPU
		{D7470C80-9E03-4DE4-AC28-FA4A9870076C}.Debug|Any CPU.Build.0 = Debug|Any CPU
		{D7470C80-9E03-4DE4-AC28-FA4A9870076C}.Release|Any CPU.ActiveCfg = Release|Any CPU
		{D7470C80-9E03-4DE4-AC28-FA4A9870076C}.Release|Any CPU.Build.0 = Release|Any CPU
		{4560E989-E008-4E1E-B13A-06B014ABF4BE}.Debug|Any CPU.ActiveCfg = Debug|Any CPU
		{4560E989-E008-4E1E-B13A-06B014ABF4BE}.Debug|Any CPU.Build.0 = Debug|Any CPU
		{4560E989-E008-4E1E-B13A-06B014ABF4BE}.Release|Any CPU.ActiveCfg = Release|Any CPU
		{4560E989-E008-4E1E-B13A-06B014ABF4BE}.Release|Any CPU.Build.0 = Release|Any CPU
		{3DA060D4-AEAE-442A-87EC-7F00FBA613CA}.Debug|Any CPU.ActiveCfg = Debug|Any CPU
		{3DA060D4-AEAE-442A-87EC-7F00FBA613CA}.Debug|Any CPU.Build.0 = Debug|Any CPU
		{3DA060D4-AEAE-442A-87EC-7F00FBA613CA}.Release|Any CPU.ActiveCfg = Release|Any CPU
		{3DA060D4-AEAE-442A-87EC-7F00FBA613CA}.Release|Any CPU.Build.0 = Release|Any CPU
	EndGlobalSection
	GlobalSection(SolutionProperties) = preSolution
		HideSolutionNode = FALSE
	EndGlobalSection
EndGlobal
